
Microsoft Visual Studio Solution File, Format Version 12.00
# Visual Studio Version 17
VisualStudioVersion = 17.4.33213.308
MinimumVisualStudioVersion = 10.0.40219.1
Project("{FAE04EC0-301F-11D3-BF4B-00C04F79EFBC}") = "FirstProject", "FirstProject.csproj", "{92069D17-1ECC-465A-B8B3-E30573AD900A}"
EndProject
Global
	GlobalSection(SolutionConfigurationPlatforms) = preSolution
		Debug|Any CPU = Debug|Any CPU
		Release|Any CPU = Release|Any CPU
	EndGlobalSection
	GlobalSection(ProjectConfigurationPlatforms) = postSolution
		{92069D17-1ECC-465A-B8B3-E30573AD900A}.Debug|Any CPU.ActiveCfg = Debug|Any CPU
		{92069D17-1ECC-465A-B8B3-E30573AD900A}.Debug|Any CPU.Build.0 = Debug|Any CPU
		{92069D17-1ECC-465A-B8B3-E30573AD900A}.Release|Any CPU.ActiveCfg = Release|Any CPU
		{92069D17-1ECC-465A-B8B3-E30573AD900A}.Release|Any CPU.Build.0 = Release|Any CPU
	EndGlobalSection
	GlobalSection(SolutionProperties) = preSolution
		HideSolutionNode = FALSE
	EndGlobalSection
	GlobalSection(ExtensibilityGlobals) = postSolution
		SolutionGuid = {84727DB8-F134-464F-BAB7-48F41DCD34ED}
	EndGlobalSection
EndGlobal
